// !$*UTF8*$!
{
	archiveVersion = 1;
	classes = {
	};
	objectVersion = 46;
	objects = {

/* Begin PBXBuildFile section */
		3C9980ED1D1912690001319C /* main.m in Sources */ = {isa = PBXBuildFile; fileRef = 3C9980EC1D1912690001319C /* main.m */; };
		3C9980F01D1912690001319C /* AppDelegate.m in Sources */ = {isa = PBXBuildFile; fileRef = 3C9980EF1D1912690001319C /* AppDelegate.m */; };
		3C9980F31D1912690001319C /* ViewController.m in Sources */ = {isa = PBXBuildFile; fileRef = 3C9980F21D1912690001319C /* ViewController.m */; };
		3C9980F61D1912690001319C /* Main.storyboard in Resources */ = {isa = PBXBuildFile; fileRef = 3C9980F41D1912690001319C /* Main.storyboard */; };
		3C9980F81D1912690001319C /* Assets.xcassets in Resources */ = {isa = PBXBuildFile; fileRef = 3C9980F71D1912690001319C /* Assets.xcassets */; };
		3C9980FB1D1912690001319C /* LaunchScreen.storyboard in Resources */ = {isa = PBXBuildFile; fileRef = 3C9980F91D1912690001319C /* LaunchScreen.storyboard */; };
		3C9981041D1912820001319C /* NSString+Rinit.m in Sources */ = {isa = PBXBuildFile; fileRef = 3C9981031D1912820001319C /* NSString+Rinit.m */; };
		3C9981071D191DA30001319C /* assault.m in Sources */ = {isa = PBXBuildFile; fileRef = 3C9981061D191DA30001319C /* assault.m */; };
		3CBDCF1A1D1BE8DF00E06420 /* FirstViewController.swift in Sources */ = {isa = PBXBuildFile; fileRef = 3CBDCF191D1BE8DF00E06420 /* FirstViewController.swift */; };
		3CBDCF1C1D1BE96B00E06420 /* InsideViewController.swift in Sources */ = {isa = PBXBuildFile; fileRef = 3CBDCF1B1D1BE96B00E06420 /* InsideViewController.swift */; };
		3CBDCF1E1D1BE9BB00E06420 /* MyTabBarViewController.swift in Sources */ = {isa = PBXBuildFile; fileRef = 3CBDCF1D1D1BE9BB00E06420 /* MyTabBarViewController.swift */; };
		3CBDCF201D1BE9DE00E06420 /* SecondTableViewController.swift in Sources */ = {isa = PBXBuildFile; fileRef = 3CBDCF1F1D1BE9DE00E06420 /* SecondTableViewController.swift */; };
		3CBDCF221D1BE9E900E06420 /* ThirdTableViewController.swift in Sources */ = {isa = PBXBuildFile; fileRef = 3CBDCF211D1BE9E900E06420 /* ThirdTableViewController.swift */; };
		3CBDCF241D1BEC4300E06420 /* EmptyViewController.swift in Sources */ = {isa = PBXBuildFile; fileRef = 3CBDCF231D1BEC4300E06420 /* EmptyViewController.swift */; };
/* End PBXBuildFile section */

/* Begin PBXFileReference section */
		3C9980E81D1912690001319C /* R_Init.app */ = {isa = PBXFileReference; explicitFileType = wrapper.application; includeInIndex = 0; path = R_Init.app; sourceTree = BUILT_PRODUCTS_DIR; };
		3C9980EC1D1912690001319C /* main.m */ = {isa = PBXFileReference; lastKnownFileType = sourcecode.c.objc; path = main.m; sourceTree = "<group>"; };
		3C9980EE1D1912690001319C /* AppDelegate.h */ = {isa = PBXFileReference; lastKnownFileType = sourcecode.c.h; path = AppDelegate.h; sourceTree = "<group>"; };
		3C9980EF1D1912690001319C /* AppDelegate.m */ = {isa = PBXFileReference; lastKnownFileType = sourcecode.c.objc; path = AppDelegate.m; sourceTree = "<group>"; };
		3C9980F11D1912690001319C /* ViewController.h */ = {isa = PBXFileReference; lastKnownFileType = sourcecode.c.h; path = ViewController.h; sourceTree = "<group>"; };
		3C9980F21D1912690001319C /* ViewController.m */ = {isa = PBXFileReference; lastKnownFileType = sourcecode.c.objc; path = ViewController.m; sourceTree = "<group>"; };
		3C9980F51D1912690001319C /* Base */ = {isa = PBXFileReference; lastKnownFileType = file.storyboard; name = Base; path = Base.lproj/Main.storyboard; sourceTree = "<group>"; };
		3C9980F71D1912690001319C /* Assets.xcassets */ = {isa = PBXFileReference; lastKnownFileType = folder.assetcatalog; path = Assets.xcassets; sourceTree = "<group>"; };
		3C9980FA1D1912690001319C /* Base */ = {isa = PBXFileReference; lastKnownFileType = file.storyboard; name = Base; path = Base.lproj/LaunchScreen.storyboard; sourceTree = "<group>"; };
		3C9980FC1D1912690001319C /* Info.plist */ = {isa = PBXFileReference; lastKnownFileType = text.plist.xml; path = Info.plist; sourceTree = "<group>"; };
		3C9981021D1912820001319C /* NSString+Rinit.h */ = {isa = PBXFileReference; fileEncoding = 4; lastKnownFileType = sourcecode.c.h; path = "NSString+Rinit.h"; sourceTree = "<group>"; };
		3C9981031D1912820001319C /* NSString+Rinit.m */ = {isa = PBXFileReference; fileEncoding = 4; lastKnownFileType = sourcecode.c.objc; path = "NSString+Rinit.m"; sourceTree = "<group>"; };
		3C9981051D191DA30001319C /* assault.h */ = {isa = PBXFileReference; fileEncoding = 4; lastKnownFileType = sourcecode.c.h; path = assault.h; sourceTree = "<group>"; };
		3C9981061D191DA30001319C /* assault.m */ = {isa = PBXFileReference; fileEncoding = 4; lastKnownFileType = sourcecode.c.objc; path = assault.m; sourceTree = "<group>"; };
		3CBDCF181D1BE8DF00E06420 /* R_Init-Bridging-Header.h */ = {isa = PBXFileReference; lastKnownFileType = sourcecode.c.h; path = "R_Init-Bridging-Header.h"; sourceTree = "<group>"; };
		3CBDCF191D1BE8DF00E06420 /* FirstViewController.swift */ = {isa = PBXFileReference; fileEncoding = 4; lastKnownFileType = sourcecode.swift; path = FirstViewController.swift; sourceTree = "<group>"; };
		3CBDCF1B1D1BE96B00E06420 /* InsideViewController.swift */ = {isa = PBXFileReference; fileEncoding = 4; lastKnownFileType = sourcecode.swift; path = InsideViewController.swift; sourceTree = "<group>"; };
		3CBDCF1D1D1BE9BB00E06420 /* MyTabBarViewController.swift */ = {isa = PBXFileReference; fileEncoding = 4; lastKnownFileType = sourcecode.swift; path = MyTabBarViewController.swift; sourceTree = "<group>"; };
		3CBDCF1F1D1BE9DE00E06420 /* SecondTableViewController.swift */ = {isa = PBXFileReference; fileEncoding = 4; lastKnownFileType = sourcecode.swift; path = SecondTableViewController.swift; sourceTree = "<group>"; };
		3CBDCF211D1BE9E900E06420 /* ThirdTableViewController.swift */ = {isa = PBXFileReference; fileEncoding = 4; lastKnownFileType = sourcecode.swift; path = ThirdTableViewController.swift; sourceTree = "<group>"; };
		3CBDCF231D1BEC4300E06420 /* EmptyViewController.swift */ = {isa = PBXFileReference; fileEncoding = 4; lastKnownFileType = sourcecode.swift; path = EmptyViewController.swift; sourceTree = "<group>"; };
/* End PBXFileReference section */

/* Begin PBXFrameworksBuildPhase section */
		3C9980E51D1912690001319C /* Frameworks */ = {
			isa = PBXFrameworksBuildPhase;
			buildActionMask = 2147483647;
			files = (
			);
			runOnlyForDeploymentPostprocessing = 0;
		};
/* End PBXFrameworksBuildPhase section */

/* Begin PBXGroup section */
		3C9980DF1D1912690001319C = {
			isa = PBXGroup;
			children = (
				3C9980EA1D1912690001319C /* R_Init */,
				3C9980E91D1912690001319C /* Products */,
			);
			sourceTree = "<group>";
		};
		3C9980E91D1912690001319C /* Products */ = {
			isa = PBXGroup;
			children = (
				3C9980E81D1912690001319C /* R_Init.app */,
			);
			name = Products;
			sourceTree = "<group>";
		};
		3C9980EA1D1912690001319C /* R_Init */ = {
			isa = PBXGroup;
			children = (
				3C9980EE1D1912690001319C /* AppDelegate.h */,
				3C9980EF1D1912690001319C /* AppDelegate.m */,
				3C9980F11D1912690001319C /* ViewController.h */,
				3C9980F21D1912690001319C /* ViewController.m */,
				3C9980F41D1912690001319C /* Main.storyboard */,
				3C9980F71D1912690001319C /* Assets.xcassets */,
				3C9980F91D1912690001319C /* LaunchScreen.storyboard */,
				3C9980FC1D1912690001319C /* Info.plist */,
				3C9980EB1D1912690001319C /* Supporting Files */,
				3C9981021D1912820001319C /* NSString+Rinit.h */,
				3C9981031D1912820001319C /* NSString+Rinit.m */,
				3C9981051D191DA30001319C /* assault.h */,
				3C9981061D191DA30001319C /* assault.m */,
				3CBDCF181D1BE8DF00E06420 /* R_Init-Bridging-Header.h */,
				3CBDCF1B1D1BE96B00E06420 /* InsideViewController.swift */,
				3CBDCF1D1D1BE9BB00E06420 /* MyTabBarViewController.swift */,
				3CBDCF191D1BE8DF00E06420 /* FirstViewController.swift */,
				3CBDCF1F1D1BE9DE00E06420 /* SecondTableViewController.swift */,
				3CBDCF211D1BE9E900E06420 /* ThirdTableViewController.swift */,
				3CBDCF231D1BEC4300E06420 /* EmptyViewController.swift */,
			);
			path = R_Init;
			sourceTree = "<group>";
		};
		3C9980EB1D1912690001319C /* Supporting Files */ = {
			isa = PBXGroup;
			children = (
				3C9980EC1D1912690001319C /* main.m */,
			);
			name = "Supporting Files";
			sourceTree = "<group>";
		};
/* End PBXGroup section */

/* Begin PBXNativeTarget section */
		3C9980E71D1912690001319C /* R_Init */ = {
			isa = PBXNativeTarget;
			buildConfigurationList = 3C9980FF1D1912690001319C /* Build configuration list for PBXNativeTarget "R_Init" */;
			buildPhases = (
				3C9980E41D1912690001319C /* Sources */,
				3C9980E51D1912690001319C /* Frameworks */,
				3C9980E61D1912690001319C /* Resources */,
			);
			buildRules = (
			);
			dependencies = (
			);
			name = R_Init;
			productName = R_Init;
			productReference = 3C9980E81D1912690001319C /* R_Init.app */;
			productType = "com.apple.product-type.application";
		};
/* End PBXNativeTarget section */

/* Begin PBXProject section */
		3C9980E01D1912690001319C /* Project object */ = {
			isa = PBXProject;
			attributes = {
				LastUpgradeCheck = 0730;
				ORGANIZATIONNAME = "https://github.com/shijinliang, http://blog.csdn.net/sjl_leaf";
				TargetAttributes = {
					3C9980E71D1912690001319C = {
						CreatedOnToolsVersion = 7.3.1;
					};
				};
			};
			buildConfigurationList = 3C9980E31D1912690001319C /* Build configuration list for PBXProject "R_Init" */;
			compatibilityVersion = "Xcode 3.2";
			developmentRegion = English;
			hasScannedForEncodings = 0;
			knownRegions = (
				en,
				Base,
			);
			mainGroup = 3C9980DF1D1912690001319C;
			productRefGroup = 3C9980E91D1912690001319C /* Products */;
			projectDirPath = "";
			projectRoot = "";
			targets = (
				3C9980E71D1912690001319C /* R_Init */,
			);
		};
/* End PBXProject section */

/* Begin PBXResourcesBuildPhase section */
		3C9980E61D1912690001319C /* Resources */ = {
			isa = PBXResourcesBuildPhase;
			buildActionMask = 2147483647;
			files = (
				3C9980FB1D1912690001319C /* LaunchScreen.storyboard in Resources */,
				3C9980F81D1912690001319C /* Assets.xcassets in Resources */,
				3C9980F61D1912690001319C /* Main.storyboard in Resources */,
			);
			runOnlyForDeploymentPostprocessing = 0;
		};
/* End PBXResourcesBuildPhase section */

/* Begin PBXSourcesBuildPhase section */
		3C9980E41D1912690001319C /* Sources */ = {
			isa = PBXSourcesBuildPhase;
			buildActionMask = 2147483647;
			files = (
				3CBDCF1E1D1BE9BB00E06420 /* MyTabBarViewController.swift in Sources */,
				3CBDCF1C1D1BE96B00E06420 /* InsideViewController.swift in Sources */,
				3C9981041D1912820001319C /* NSString+Rinit.m in Sources */,
				3CBDCF221D1BE9E900E06420 /* ThirdTableViewController.swift in Sources */,
				3CBDCF241D1BEC4300E06420 /* EmptyViewController.swift in Sources */,
				3C9980F31D1912690001319C /* ViewController.m in Sources */,
				3C9981071D191DA30001319C /* assault.m in Sources */,
				3CBDCF1A1D1BE8DF00E06420 /* FirstViewController.swift in Sources */,
				3C9980F01D1912690001319C /* AppDelegate.m in Sources */,
				3CBDCF201D1BE9DE00E06420 /* SecondTableViewController.swift in Sources */,
				3C9980ED1D1912690001319C /* main.m in Sources */,
			);
			runOnlyForDeploymentPostprocessing = 0;
		};
/* End PBXSourcesBuildPhase section */

/* Begin PBXVariantGroup section */
		3C9980F41D1912690001319C /* Main.storyboard */ = {
			isa = PBXVariantGroup;
			children = (
				3C9980F51D1912690001319C /* Base */,
			);
			name = Main.storyboard;
			sourceTree = "<group>";
		};
		3C9980F91D1912690001319C /* LaunchScreen.storyboard */ = {
			isa = PBXVariantGroup;
			children = (
				3C9980FA1D1912690001319C /* Base */,
			);
			name = LaunchScreen.storyboard;
			sourceTree = "<group>";
		};
/* End PBXVariantGroup section */

/* Begin XCBuildConfiguration section */
		3C9980FD1D1912690001319C /* Debug */ = {
			isa = XCBuildConfiguration;
			buildSettings = {
				ALWAYS_SEARCH_USER_PATHS = NO;
				CLANG_ANALYZER_NONNULL = YES;
				CLANG_CXX_LANGUAGE_STANDARD = "gnu++0x";
				CLANG_CXX_LIBRARY = "libc++";
				CLANG_ENABLE_MODULES = YES;
				CLANG_ENABLE_OBJC_ARC = YES;
				CLANG_WARN_BOOL_CONVERSION = YES;
				CLANG_WARN_CONSTANT_CONVERSION = YES;
				CLANG_WARN_DIRECT_OBJC_ISA_USAGE = YES_ERROR;
				CLANG_WARN_EMPTY_BODY = YES;
				CLANG_WARN_ENUM_CONVERSION = YES;
				CLANG_WARN_INT_CONVERSION = YES;
				CLANG_WARN_OBJC_ROOT_CLASS = YES_ERROR;
				CLANG_WARN_UNREACHABLE_CODE = YES;
				CLANG_WARN__DUPLICATE_METHOD_MATCH = YES;
				"CODE_SIGN_IDENTITY[sdk=iphoneos*]" = "iPhone Developer";
				COPY_PHASE_STRIP = NO;
				DEBUG_INFORMATION_FORMAT = dwarf;
				ENABLE_STRICT_OBJC_MSGSEND = YES;
				ENABLE_TESTABILITY = YES;
				GCC_C_LANGUAGE_STANDARD = gnu99;
				GCC_DYNAMIC_NO_PIC = NO;
				GCC_NO_COMMON_BLOCKS = YES;
				GCC_OPTIMIZATION_LEVEL = 0;
				GCC_PREPROCESSOR_DEFINITIONS = (
					"DEBUG=1",
					"$(inherited)",
				);
				GCC_WARN_64_TO_32_BIT_CONVERSION = YES;
				GCC_WARN_ABOUT_RETURN_TYPE = YES_ERROR;
				GCC_WARN_UNDECLARED_SELECTOR = YES;
				GCC_WARN_UNINITIALIZED_AUTOS = YES_AGGRESSIVE;
				GCC_WARN_UNUSED_FUNCTION = YES;
				GCC_WARN_UNUSED_VARIABLE = YES;
				IPHONEOS_DEPLOYMENT_TARGET = 9.3;
				MTL_ENABLE_DEBUG_INFO = YES;
				ONLY_ACTIVE_ARCH = YES;
				SDKROOT = iphoneos;
			};
			name = Debug;
		};
		3C9980FE1D1912690001319C /* Release */ = {
			isa = XCBuildConfiguration;
			buildSettings = {
				ALWAYS_SEARCH_USER_PATHS = NO;
				CLANG_ANALYZER_NONNULL = YES;
				CLANG_CXX_LANGUAGE_STANDARD = "gnu++0x";
				CLANG_CXX_LIBRARY = "libc++";
				CLANG_ENABLE_MODULES = YES;
				CLANG_ENABLE_OBJC_ARC = YES;
				CLANG_WARN_BOOL_CONVERSION = YES;
				CLANG_WARN_CONSTANT_CONVERSION = YES;
				CLANG_WARN_DIRECT_OBJC_ISA_USAGE = YES_ERROR;
				CLANG_WARN_EMPTY_BODY = YES;
				CLANG_WARN_ENUM_CONVERSION = YES;
				CLANG_WARN_INT_CONVERSION = YES;
				CLANG_WARN_OBJC_ROOT_CLASS = YES_ERROR;
				CLANG_WARN_UNREACHABLE_CODE = YES;
				CLANG_WARN__DUPLICATE_METHOD_MATCH = YES;
				"CODE_SIGN_IDENTITY[sdk=iphoneos*]" = "iPhone Developer";
				COPY_PHASE_STRIP = NO;
				DEBUG_INFORMATION_FORMAT = "dwarf-with-dsym";
				ENABLE_NS_ASSERTIONS = NO;
				ENABLE_STRICT_OBJC_MSGSEND = YES;
				GCC_C_LANGUAGE_STANDARD = gnu99;
				GCC_NO_COMMON_BLOCKS = YES;
				GCC_WARN_64_TO_32_BIT_CONVERSION = YES;
				GCC_WARN_ABOUT_RETURN_TYPE = YES_ERROR;
				GCC_WARN_UNDECLARED_SELECTOR = YES;
				GCC_WARN_UNINITIALIZED_AUTOS = YES_AGGRESSIVE;
				GCC_WARN_UNUSED_FUNCTION = YES;
				GCC_WARN_UNUSED_VARIABLE = YES;
				IPHONEOS_DEPLOYMENT_TARGET = 9.3;
				MTL_ENABLE_DEBUG_INFO = NO;
				SDKROOT = iphoneos;
				VALIDATE_PRODUCT = YES;
			};
			name = Release;
		};
		3C9981001D1912690001319C /* Debug */ = {
			isa = XCBuildConfiguration;
			buildSettings = {
				ASSETCATALOG_COMPILER_APPICON_NAME = AppIcon;
				CLANG_ENABLE_MODULES = YES;
				INFOPLIST_FILE = R_Init/Info.plist;
				LD_RUNPATH_SEARCH_PATHS = "$(inherited) @executable_path/Frameworks";
				PRODUCT_BUNDLE_IDENTIFIER = "com.kamyShi.R-Init";
				PRODUCT_NAME = "$(TARGET_NAME)";
				SWIFT_OBJC_BRIDGING_HEADER = "R_Init/R_Init-Bridging-Header.h";
				SWIFT_OPTIMIZATION_LEVEL = "-Onone";
			};
			name = Debug;
		};
		3C9981011D1912690001319C /* Release */ = {
			isa = XCBuildConfiguration;
			buildSettings = {
				ASSETCATALOG_COMPILER_APPICON_NAME = AppIcon;
				CLANG_ENABLE_MODULES = YES;
				INFOPLIST_FILE = R_Init/Info.plist;
				LD_RUNPATH_SEARCH_PATHS = "$(inherited) @executable_path/Frameworks";
				PRODUCT_BUNDLE_IDENTIFIER = "com.kamyShi.R-Init";
				PRODUCT_NAME = "$(TARGET_NAME)";
				SWIFT_OBJC_BRIDGING_HEADER = "R_Init/R_Init-Bridging-Header.h";
			};
			name = Release;
		};
/* End XCBuildConfiguration section */

/* Begin XCConfigurationList section */
		3C9980E31D1912690001319C /* Build configuration list for PBXProject "R_Init" */ = {
			isa = XCConfigurationList;
			buildConfigurations = (
				3C9980FD1D1912690001319C /* Debug */,
				3C9980FE1D1912690001319C /* Release */,
			);
			defaultConfigurationIsVisible = 0;
			defaultConfigurationName = Release;
		};
		3C9980FF1D1912690001319C /* Build configuration list for PBXNativeTarget "R_Init" */ = {
			isa = XCConfigurationList;
			buildConfigurations = (
				3C9981001D1912690001319C /* Debug */,
				3C9981011D1912690001319C /* Release */,
			);
			defaultConfigurationIsVisible = 0;
			defaultConfigurationName = Release;
		};
/* End XCConfigurationList section */
	};
	rootObject = 3C9980E01D1912690001319C /* Project object */;
}
